// !$*UTF8*$!
{
	archiveVersion = 1;
	classes = {
	};
	objectVersion = 50;
	objects = {

/* Begin PBXBuildFile section */
		7B1A1DDB23FCD5B400FC7B76 /* AppDelegate.m in Sources */ = {isa = PBXBuildFile; fileRef = 7B1A1DDA23FCD5B400FC7B76 /* AppDelegate.m */; };
		7B1A1DDE23FCD5B400FC7B76 /* SceneDelegate.m in Sources */ = {isa = PBXBuildFile; fileRef = 7B1A1DDD23FCD5B400FC7B76 /* SceneDelegate.m */; };
		7B1A1DE123FCD5B400FC7B76 /* ViewController.m in Sources */ = {isa = PBXBuildFile; fileRef = 7B1A1DE023FCD5B400FC7B76 /* ViewController.m */; };
		7B1A1DE423FCD5B400FC7B76 /* Main.storyboard in Resources */ = {isa = PBXBuildFile; fileRef = 7B1A1DE223FCD5B400FC7B76 /* Main.storyboard */; };
		7B1A1DE723FCD5B400FC7B76 /* FirstApp.xcdatamodeld in Sources */ = {isa = PBXBuildFile; fileRef = 7B1A1DE523FCD5B400FC7B76 /* FirstApp.xcdatamodeld */; };
		7B1A1DE923FCD5B800FC7B76 /* Assets.xcassets in Resources */ = {isa = PBXBuildFile; fileRef = 7B1A1DE823FCD5B800FC7B76 /* Assets.xcassets */; };
		7B1A1DEC23FCD5B800FC7B76 /* LaunchScreen.storyboard in Resources */ = {isa = PBXBuildFile; fileRef = 7B1A1DEA23FCD5B800FC7B76 /* LaunchScreen.storyboard */; };
		7B1A1DEF23FCD5B800FC7B76 /* main.m in Sources */ = {isa = PBXBuildFile; fileRef = 7B1A1DEE23FCD5B800FC7B76 /* main.m */; };
/* End PBXBuildFile section */

/* Begin PBXFileReference section */
		7B1A1DD623FCD5B400FC7B76 /* FirstApp.app */ = {isa = PBXFileReference; explicitFileType = wrapper.application; includeInIndex = 0; path = FirstApp.app; sourceTree = BUILT_PRODUCTS_DIR; };
		7B1A1DD923FCD5B400FC7B76 /* AppDelegate.h */ = {isa = PBXFileReference; lastKnownFileType = sourcecode.c.h; path = AppDelegate.h; sourceTree = "<group>"; };
		7B1A1DDA23FCD5B400FC7B76 /* AppDelegate.m */ = {isa = PBXFileReference; lastKnownFileType = sourcecode.c.objc; path = AppDelegate.m; sourceTree = "<group>"; };
		7B1A1DDC23FCD5B400FC7B76 /* SceneDelegate.h */ = {isa = PBXFileReference; lastKnownFileType = sourcecode.c.h; path = SceneDelegate.h; sourceTree = "<group>"; };
		7B1A1DDD23FCD5B400FC7B76 /* SceneDelegate.m */ = {isa = PBXFileReference; lastKnownFileType = sourcecode.c.objc; path = SceneDelegate.m; sourceTree = "<group>"; };
		7B1A1DDF23FCD5B400FC7B76 /* ViewController.h */ = {isa = PBXFileReference; lastKnownFileType = sourcecode.c.h; path = ViewController.h; sourceTree = "<group>"; };
		7B1A1DE023FCD5B400FC7B76 /* ViewController.m */ = {isa = PBXFileReference; lastKnownFileType = sourcecode.c.objc; path = ViewController.m; sourceTree = "<group>"; };
		7B1A1DE323FCD5B400FC7B76 /* Base */ = {isa = PBXFileReference; lastKnownFileType = file.storyboard; name = Base; path = Base.lproj/Main.storyboard; sourceTree = "<group>"; };
		7B1A1DE623FCD5B400FC7B76 /* FirstApp.xcdatamodel */ = {isa = PBXFileReference; lastKnownFileType = wrapper.xcdatamodel; path = FirstApp.xcdatamodel; sourceTree = "<group>"; };
		7B1A1DE823FCD5B800FC7B76 /* Assets.xcassets */ = {isa = PBXFileReference; lastKnownFileType = folder.assetcatalog; path = Assets.xcassets; sourceTree = "<group>"; };
		7B1A1DEB23FCD5B800FC7B76 /* Base */ = {isa = PBXFileReference; lastKnownFileType = file.storyboard; name = Base; path = Base.lproj/LaunchScreen.storyboard; sourceTree = "<group>"; };
		7B1A1DED23FCD5B800FC7B76 /* Info.plist */ = {isa = PBXFileReference; lastKnownFileType = text.plist.xml; path = Info.plist; sourceTree = "<group>"; };
		7B1A1DEE23FCD5B800FC7B76 /* main.m */ = {isa = PBXFileReference; lastKnownFileType = sourcecode.c.objc; path = main.m; sourceTree = "<group>"; };
/* End PBXFileReference section */

/* Begin PBXFrameworksBuildPhase section */
		7B1A1DD323FCD5B400FC7B76 /* Frameworks */ = {
			isa = PBXFrameworksBuildPhase;
			buildActionMask = 2147483647;
			files = (
			);
			runOnlyForDeploymentPostprocessing = 0;
		};
/* End PBXFrameworksBuildPhase section */

/* Begin PBXGroup section */
		7B1A1DCD23FCD5B400FC7B76 = {
			isa = PBXGroup;
			children = (
				7B1A1DD823FCD5B400FC7B76 /* FirstApp */,
				7B1A1DD723FCD5B400FC7B76 /* Products */,
			);
			sourceTree = "<group>";
		};
		7B1A1DD723FCD5B400FC7B76 /* Products */ = {
			isa = PBXGroup;
			children = (
				7B1A1DD623FCD5B400FC7B76 /* FirstApp.app */,
			);
			name = Products;
			sourceTree = "<group>";
		};
		7B1A1DD823FCD5B400FC7B76 /* FirstApp */ = {
			isa = PBXGroup;
			children = (
				7B1A1DD923FCD5B400FC7B76 /* AppDelegate.h */,
				7B1A1DDA23FCD5B400FC7B76 /* AppDelegate.m */,
				7B1A1DDC23FCD5B400FC7B76 /* SceneDelegate.h */,
				7B1A1DDD23FCD5B400FC7B76 /* SceneDelegate.m */,
				7B1A1DDF23FCD5B400FC7B76 /* ViewController.h */,
				7B1A1DE023FCD5B400FC7B76 /* ViewController.m */,
				7B1A1DE223FCD5B400FC7B76 /* Main.storyboard */,
				7B1A1DE823FCD5B800FC7B76 /* Assets.xcassets */,
				7B1A1DEA23FCD5B800FC7B76 /* LaunchScreen.storyboard */,
				7B1A1DED23FCD5B800FC7B76 /* Info.plist */,
				7B1A1DEE23FCD5B800FC7B76 /* main.m */,
				7B1A1DE523FCD5B400FC7B76 /* FirstApp.xcdatamodeld */,
			);
			path = FirstApp;
			sourceTree = "<group>";
		};
/* End PBXGroup section */

/* Begin PBXNativeTarget section */
		7B1A1DD523FCD5B400FC7B76 /* FirstApp */ = {
			isa = PBXNativeTarget;
			buildConfigurationList = 7B1A1DF223FCD5B800FC7B76 /* Build configuration list for PBXNativeTarget "FirstApp" */;
			buildPhases = (
				7B1A1DD223FCD5B400FC7B76 /* Sources */,
				7B1A1DD323FCD5B400FC7B76 /* Frameworks */,
				7B1A1DD423FCD5B400FC7B76 /* Resources */,
			);
			buildRules = (
			);
			dependencies = (
			);
			name = FirstApp;
			productName = FirstApp;
			productReference = 7B1A1DD623FCD5B400FC7B76 /* FirstApp.app */;
			productType = "com.apple.product-type.application";
		};
/* End PBXNativeTarget section */

/* Begin PBXProject section */
		7B1A1DCE23FCD5B400FC7B76 /* Project object */ = {
			isa = PBXProject;
			attributes = {
				LastUpgradeCheck = 1130;
				ORGANIZATIONNAME = com.qiyu;
				TargetAttributes = {
					7B1A1DD523FCD5B400FC7B76 = {
						CreatedOnToolsVersion = 11.3.1;
					};
				};
			};
			buildConfigurationList = 7B1A1DD123FCD5B400FC7B76 /* Build configuration list for PBXProject "FirstApp" */;
			compatibilityVersion = "Xcode 9.3";
			developmentRegion = en;
			hasScannedForEncodings = 0;
			knownRegions = (
				en,
				Base,
			);
			mainGroup = 7B1A1DCD23FCD5B400FC7B76;
			productRefGroup = 7B1A1DD723FCD5B400FC7B76 /* Products */;
			projectDirPath = "";
			projectRoot = "";
			targets = (
				7B1A1DD523FCD5B400FC7B76 /* FirstApp */,
			);
		};
/* End PBXProject section */

/* Begin PBXResourcesBuildPhase section */
		7B1A1DD423FCD5B400FC7B76 /* Resources */ = {
			isa = PBXResourcesBuildPhase;
			buildActionMask = 2147483647;
			files = (
				7B1A1DEC23FCD5B800FC7B76 /* LaunchScreen.storyboard in Resources */,
				7B1A1DE923FCD5B800FC7B76 /* Assets.xcassets in Resources */,
				7B1A1DE423FCD5B400FC7B76 /* Main.storyboard in Resources */,
			);
			runOnlyForDeploymentPostprocessing = 0;
		};
/* End PBXResourcesBuildPhase section */

/* Begin PBXSourcesBuildPhase section */
		7B1A1DD223FCD5B400FC7B76 /* Sources */ = {
			isa = PBXSourcesBuildPhase;
			buildActionMask = 2147483647;
			files = (
				7B1A1DEF23FCD5B800FC7B76 /* main.m in Sources */,
				7B1A1DE123FCD5B400FC7B76 /* ViewController.m in Sources */,
				7B1A1DDB23FCD5B400FC7B76 /* AppDelegate.m in Sources */,
				7B1A1DE723FCD5B400FC7B76 /* FirstApp.xcdatamodeld in Sources */,
				7B1A1DDE23FCD5B400FC7B76 /* SceneDelegate.m in Sources */,
			);
			runOnlyForDeploymentPostprocessing = 0;
		};
/* End PBXSourcesBuildPhase section */

/* Begin PBXVariantGroup section */
		7B1A1DE223FCD5B400FC7B76 /* Main.storyboard */ = {
			isa = PBXVariantGroup;
			children = (
				7B1A1DE323FCD5B400FC7B76 /* Base */,
			);
			name = Main.storyboard;
			sourceTree = "<group>";
		};
		7B1A1DEA23FCD5B800FC7B76 /* LaunchScreen.storyboard */ = {
			isa = PBXVariantGroup;
			children = (
				7B1A1DEB23FCD5B800FC7B76 /* Base */,
			);
			name = LaunchScreen.storyboard;
			sourceTree = "<group>";
		};
/* End PBXVariantGroup section */

/* Begin XCBuildConfiguration section */
		7B1A1DF023FCD5B800FC7B76 /* Debug */ = {
			isa = XCBuildConfiguration;
			buildSettings = {
				ALWAYS_SEARCH_USER_PATHS = NO;
				CLANG_ANALYZER_NONNULL = YES;
				CLANG_ANALYZER_NUMBER_OBJECT_CONVERSION = YES_AGGRESSIVE;
				CLANG_CXX_LANGUAGE_STANDARD = "gnu++14";
				CLANG_CXX_LIBRARY = "libc++";
				CLANG_ENABLE_MODULES = YES;
				CLANG_ENABLE_OBJC_ARC = YES;
				CLANG_ENABLE_OBJC_WEAK = YES;
				CLANG_WARN_BLOCK_CAPTURE_AUTORELEASING = YES;
				CLANG_WARN_BOOL_CONVERSION = YES;
				CLANG_WARN_COMMA = YES;
				CLANG_WARN_CONSTANT_CONVERSION = YES;
				CLANG_WARN_DEPRECATED_OBJC_IMPLEMENTATIONS = YES;
				CLANG_WARN_DIRECT_OBJC_ISA_USAGE = YES_ERROR;
				CLANG_WARN_DOCUMENTATION_COMMENTS = YES;
				CLANG_WARN_EMPTY_BODY = YES;
				CLANG_WARN_ENUM_CONVERSION = YES;
				CLANG_WARN_INFINITE_RECURSION = YES;
				CLANG_WARN_INT_CONVERSION = YES;
				CLANG_WARN_NON_LITERAL_NULL_CONVERSION = YES;
				CLANG_WARN_OBJC_IMPLICIT_RETAIN_SELF = YES;
				CLANG_WARN_OBJC_LITERAL_CONVERSION = YES;
				CLANG_WARN_OBJC_ROOT_CLASS = YES_ERROR;
				CLANG_WARN_RANGE_LOOP_ANALYSIS = YES;
				CLANG_WARN_STRICT_PROTOTYPES = YES;
				CLANG_WARN_SUSPICIOUS_MOVE = YES;
				CLANG_WARN_UNGUARDED_AVAILABILITY = YES_AGGRESSIVE;
				CLANG_WARN_UNREACHABLE_CODE = YES;
				CLANG_WARN__DUPLICATE_METHOD_MATCH = YES;
				COPY_PHASE_STRIP = NO;
				DEBUG_INFORMATION_FORMAT = dwarf;
				ENABLE_STRICT_OBJC_MSGSEND = YES;
				ENABLE_TESTABILITY = YES;
				GCC_C_LANGUAGE_STANDARD = gnu11;
				GCC_DYNAMIC_NO_PIC = NO;
				GCC_NO_COMMON_BLOCKS = YES;
				GCC_OPTIMIZATION_LEVEL = 0;
				GCC_PREPROCESSOR_DEFINITIONS = (
					"DEBUG=1",
					"$(inherited)",
				);
				GCC_WARN_64_TO_32_BIT_CONVERSION = YES;
				GCC_WARN_ABOUT_RETURN_TYPE = YES_ERROR;
				GCC_WARN_UNDECLARED_SELECTOR = YES;
				GCC_WARN_UNINITIALIZED_AUTOS = YES_AGGRESSIVE;
				GCC_WARN_UNUSED_FUNCTION = YES;
				GCC_WARN_UNUSED_VARIABLE = YES;
				IPHONEOS_DEPLOYMENT_TARGET = 13.2;
				MTL_ENABLE_DEBUG_INFO = INCLUDE_SOURCE;
				MTL_FAST_MATH = YES;
				ONLY_ACTIVE_ARCH = YES;
				SDKROOT = iphoneos;
			};
			name = Debug;
		};
		7B1A1DF123FCD5B800FC7B76 /* Release */ = {
			isa = XCBuildConfiguration;
			buildSettings = {
				ALWAYS_SEARCH_USER_PATHS = NO;
				CLANG_ANALYZER_NONNULL = YES;
				CLANG_ANALYZER_NUMBER_OBJECT_CONVERSION = YES_AGGRESSIVE;
				CLANG_CXX_LANGUAGE_STANDARD = "gnu++14";
				CLANG_CXX_LIBRARY = "libc++";
				CLANG_ENABLE_MODULES = YES;
				CLANG_ENABLE_OBJC_ARC = YES;
				CLANG_ENABLE_OBJC_WEAK = YES;
				CLANG_WARN_BLOCK_CAPTURE_AUTORELEASING = YES;
				CLANG_WARN_BOOL_CONVERSION = YES;
				CLANG_WARN_COMMA = YES;
				CLANG_WARN_CONSTANT_CONVERSION = YES;
				CLANG_WARN_DEPRECATED_OBJC_IMPLEMENTATIONS = YES;
				CLANG_WARN_DIRECT_OBJC_ISA_USAGE = YES_ERROR;
				CLANG_WARN_DOCUMENTATION_COMMENTS = YES;
				CLANG_WARN_EMPTY_BODY = YES;
				CLANG_WARN_ENUM_CONVERSION = YES;
				CLANG_WARN_INFINITE_RECURSION = YES;
				CLANG_WARN_INT_CONVERSION = YES;
				CLANG_WARN_NON_LITERAL_NULL_CONVERSION = YES;
				CLANG_WARN_OBJC_IMPLICIT_RETAIN_SELF = YES;
				CLANG_WARN_OBJC_LITERAL_CONVERSION = YES;
				CLANG_WARN_OBJC_ROOT_CLASS = YES_ERROR;
				CLANG_WARN_RANGE_LOOP_ANALYSIS = YES;
				CLANG_WARN_STRICT_PROTOTYPES = YES;
				CLANG_WARN_SUSPICIOUS_MOVE = YES;
				CLANG_WARN_UNGUARDED_AVAILABILITY = YES_AGGRESSIVE;
				CLANG_WARN_UNREACHABLE_CODE = YES;
				CLANG_WARN__DUPLICATE_METHOD_MATCH = YES;
				COPY_PHASE_STRIP = NO;
				DEBUG_INFORMATION_FORMAT = "dwarf-with-dsym";
				ENABLE_NS_ASSERTIONS = NO;
				ENABLE_STRICT_OBJC_MSGSEND = YES;
				GCC_C_LANGUAGE_STANDARD = gnu11;
				GCC_NO_COMMON_BLOCKS = YES;
				GCC_WARN_64_TO_32_BIT_CONVERSION = YES;
				GCC_WARN_ABOUT_RETURN_TYPE = YES_ERROR;
				GCC_WARN_UNDECLARED_SELECTOR = YES;
				GCC_WARN_UNINITIALIZED_AUTOS = YES_AGGRESSIVE;
				GCC_WARN_UNUSED_FUNCTION = YES;
				GCC_WARN_UNUSED_VARIABLE = YES;
				IPHONEOS_DEPLOYMENT_TARGET = 13.2;
				MTL_ENABLE_DEBUG_INFO = NO;
				MTL_FAST_MATH = YES;
				SDKROOT = iphoneos;
				VALIDATE_PRODUCT = YES;
			};
			name = Release;
		};
		7B1A1DF323FCD5B800FC7B76 /* Debug */ = {
			isa = XCBuildConfiguration;
			buildSettings = {
				ASSETCATALOG_COMPILER_APPICON_NAME = AppIcon;
				CODE_SIGN_STYLE = Automatic;
				DEVELOPMENT_TEAM = 7U9J5872X8;
				INFOPLIST_FILE = FirstApp/Info.plist;
				LD_RUNPATH_SEARCH_PATHS = (
					"$(inherited)",
					"@executable_path/Frameworks",
				);
				PRODUCT_BUNDLE_IDENTIFIER = demo.FirstApp;
				PRODUCT_NAME = "$(TARGET_NAME)";
				TARGETED_DEVICE_FAMILY = "1,2";
			};
			name = Debug;
		};
		7B1A1DF423FCD5B800FC7B76 /* Release */ = {
			isa = XCBuildConfiguration;
			buildSettings = {
				ASSETCATALOG_COMPILER_APPICON_NAME = AppIcon;
				CODE_SIGN_STYLE = Automatic;
				DEVELOPMENT_TEAM = 7U9J5872X8;
				INFOPLIST_FILE = FirstApp/Info.plist;
				LD_RUNPATH_SEARCH_PATHS = (
					"$(inherited)",
					"@executable_path/Frameworks",
				);
				PRODUCT_BUNDLE_IDENTIFIER = demo.FirstApp;
				PRODUCT_NAME = "$(TARGET_NAME)";
				TARGETED_DEVICE_FAMILY = "1,2";
			};
			name = Release;
		};
/* End XCBuildConfiguration section */

/* Begin XCConfigurationList section */
		7B1A1DD123FCD5B400FC7B76 /* Build configuration list for PBXProject "FirstApp" */ = {
			isa = XCConfigurationList;
			buildConfigurations = (
				7B1A1DF023FCD5B800FC7B76 /* Debug */,
				7B1A1DF123FCD5B800FC7B76 /* Release */,
			);
			defaultConfigurationIsVisible = 0;
			defaultConfigurationName = Release;
		};
		7B1A1DF223FCD5B800FC7B76 /* Build configuration list for PBXNativeTarget "FirstApp" */ = {
			isa = XCConfigurationList;
			buildConfigurations = (
				7B1A1DF323FCD5B800FC7B76 /* Debug */,
				7B1A1DF423FCD5B800FC7B76 /* Release */,
			);
			defaultConfigurationIsVisible = 0;
			defaultConfigurationName = Release;
		};
/* End XCConfigurationList section */

/* Begin XCVersionGroup section */
		7B1A1DE523FCD5B400FC7B76 /* FirstApp.xcdatamodeld */ = {
			isa = XCVersionGroup;
			children = (
				7B1A1DE623FCD5B400FC7B76 /* FirstApp.xcdatamodel */,
			);
			currentVersion = 7B1A1DE623FCD5B400FC7B76 /* FirstApp.xcdatamodel */;
			path = FirstApp.xcdatamodeld;
			sourceTree = "<group>";
			versionGroupType = wrapper.xcdatamodel;
		};
/* End XCVersionGroup section */
	};
	rootObject = 7B1A1DCE23FCD5B400FC7B76 /* Project object */;
}
